
Microsoft Visual Studio Solution File, Format Version 12.00
# Visual Studio Version 17
VisualStudioVersion = 17.0.31903.59
MinimumVisualStudioVersion = 10.0.40219.1
Project("{2150E333-8FDC-42A3-9474-1A3956D46DE8}") = "src", "src", "{827E0CD3-B72D-47B6-A68D-7590B98EB39B}"
EndProject
Project("{FAE04EC0-301F-11D3-BF4B-00C04F79EFBC}") = "WinBridge.Runtime", "src\WinBridge.Runtime\WinBridge.Runtime.csproj", "{DFCD4ABD-1846-4083-89B8-08353EB32960}"
EndProject
Project("{FAE04EC0-301F-11D3-BF4B-00C04F79EFBC}") = "WinBridge.Server", "src\WinBridge.Server\WinBridge.Server.csproj", "{60317503-1F8F-4C0D-85C8-58763FA4DD80}"
EndProject
Project("{2150E333-8FDC-42A3-9474-1A3956D46DE8}") = "tests", "tests", "{0AB3BF05-4346-4AA6-1389-037BE0695223}"
EndProject
Project("{FAE04EC0-301F-11D3-BF4B-00C04F79EFBC}") = "WinBridge.Runtime.Tests", "tests\WinBridge.Runtime.Tests\WinBridge.Runtime.Tests.csproj", "{966D291E-95BC-45AB-B118-241D5D451719}"
EndProject
Project("{FAE04EC0-301F-11D3-BF4B-00C04F79EFBC}") = "WinBridge.Server.IntegrationTests", "tests\WinBridge.Server.IntegrationTests\WinBridge.Server.IntegrationTests.csproj", "{FBF8208A-371C-4CBD-B71C-C752C01CF2F1}"
EndProject
Project("{FAE04EC0-301F-11D3-BF4B-00C04F79EFBC}") = "WinBridge.Runtime.Contracts", "src\WinBridge.Runtime.Contracts\WinBridge.Runtime.Contracts.csproj", "{F2CFAD82-8FAD-4C54-853E-668127C79252}"
EndProject
Project("{FAE04EC0-301F-11D3-BF4B-00C04F79EFBC}") = "WinBridge.Runtime.Tooling", "src\WinBridge.Runtime.Tooling\WinBridge.Runtime.Tooling.csproj", "{FE874529-527D-4F78-8C5E-E25666F63823}"
EndProject
Project("{FAE04EC0-301F-11D3-BF4B-00C04F79EFBC}") = "WinBridge.Runtime.Diagnostics", "src\WinBridge.Runtime.Diagnostics\WinBridge.Runtime.Diagnostics.csproj", "{A340DB92-7155-43F0-9131-8C4DDF2AF519}"
EndProject
Project("{FAE04EC0-301F-11D3-BF4B-00C04F79EFBC}") = "WinBridge.Runtime.Session", "src\WinBridge.Runtime.Session\WinBridge.Runtime.Session.csproj", "{BA3878F7-AB50-4C28-A930-F67786EF7149}"
EndProject
Project("{FAE04EC0-301F-11D3-BF4B-00C04F79EFBC}") = "WinBridge.Runtime.Windows.Shell", "src\WinBridge.Runtime.Windows.Shell\WinBridge.Runtime.Windows.Shell.csproj", "{93957BEE-1549-408B-8381-04F0AFD4BE39}"
EndProject
Project("{FAE04EC0-301F-11D3-BF4B-00C04F79EFBC}") = "WinBridge.Runtime.Windows.UIA", "src\WinBridge.Runtime.Windows.UIA\WinBridge.Runtime.Windows.UIA.csproj", "{F667F0EA-EED3-4436-AD33-0063C13B6B30}"
EndProject
Project("{FAE04EC0-301F-11D3-BF4B-00C04F79EFBC}") = "WinBridge.Runtime.Windows.Capture", "src\WinBridge.Runtime.Windows.Capture\WinBridge.Runtime.Windows.Capture.csproj", "{680F8768-30D8-4645-8558-B8B60E9C47CF}"
EndProject
Project("{FAE04EC0-301F-11D3-BF4B-00C04F79EFBC}") = "WinBridge.Runtime.Windows.Input", "src\WinBridge.Runtime.Windows.Input\WinBridge.Runtime.Windows.Input.csproj", "{BE321179-987F-48D1-BD72-EE00D45B1EBE}"
EndProject
Project("{FAE04EC0-301F-11D3-BF4B-00C04F79EFBC}") = "WinBridge.Runtime.Windows.Clipboard", "src\WinBridge.Runtime.Windows.Clipboard\WinBridge.Runtime.Windows.Clipboard.csproj", "{248E9253-F4D6-4666-ADB0-044A6ABE1E99}"
EndProject
Project("{FAE04EC0-301F-11D3-BF4B-00C04F79EFBC}") = "WinBridge.Runtime.Waiting", "src\WinBridge.Runtime.Waiting\WinBridge.Runtime.Waiting.csproj", "{56E14915-EF8D-40D7-8722-0096A55DB25B}"
EndProject
Project("{FAE04EC0-301F-11D3-BF4B-00C04F79EFBC}") = "WinBridge.SmokeWindowHost", "tests\WinBridge.SmokeWindowHost\WinBridge.SmokeWindowHost.csproj", "{09DC770F-A8A3-44BD-A674-7BD766E2FE7F}"
EndProject
Project("{FAE04EC0-301F-11D3-BF4B-00C04F79EFBC}") = "WinBridge.Runtime.Windows.Display", "src\WinBridge.Runtime.Windows.Display\WinBridge.Runtime.Windows.Display.csproj", "{67AA2728-519B-4326-BDE7-1C3A857C6A32}"
EndProject
Global
	GlobalSection(SolutionConfigurationPlatforms) = preSolution
		Debug|Any CPU = Debug|Any CPU
		Debug|x64 = Debug|x64
		Debug|x86 = Debug|x86
		Release|Any CPU = Release|Any CPU
		Release|x64 = Release|x64
		Release|x86 = Release|x86
	EndGlobalSection
	GlobalSection(ProjectConfigurationPlatforms) = postSolution
		{DFCD4ABD-1846-4083-89B8-08353EB32960}.Debug|Any CPU.ActiveCfg = Debug|Any CPU
		{DFCD4ABD-1846-4083-89B8-08353EB32960}.Debug|Any CPU.Build.0 = Debug|Any CPU
		{DFCD4ABD-1846-4083-89B8-08353EB32960}.Debug|x64.ActiveCfg = Debug|Any CPU
		{DFCD4ABD-1846-4083-89B8-08353EB32960}.Debug|x64.Build.0 = Debug|Any CPU
		{DFCD4ABD-1846-4083-89B8-08353EB32960}.Debug|x86.ActiveCfg = Debug|Any CPU
		{DFCD4ABD-1846-4083-89B8-08353EB32960}.Debug|x86.Build.0 = Debug|Any CPU
		{DFCD4ABD-1846-4083-89B8-08353EB32960}.Release|Any CPU.ActiveCfg = Release|Any CPU
		{DFCD4ABD-1846-4083-89B8-08353EB32960}.Release|Any CPU.Build.0 = Release|Any CPU
		{DFCD4ABD-1846-4083-89B8-08353EB32960}.Release|x64.ActiveCfg = Release|Any CPU
		{DFCD4ABD-1846-4083-89B8-08353EB32960}.Release|x64.Build.0 = Release|Any CPU
		{DFCD4ABD-1846-4083-89B8-08353EB32960}.Release|x86.ActiveCfg = Release|Any CPU
		{DFCD4ABD-1846-4083-89B8-08353EB32960}.Release|x86.Build.0 = Release|Any CPU
		{60317503-1F8F-4C0D-85C8-58763FA4DD80}.Debug|Any CPU.ActiveCfg = Debug|Any CPU
		{60317503-1F8F-4C0D-85C8-58763FA4DD80}.Debug|Any CPU.Build.0 = Debug|Any CPU
		{60317503-1F8F-4C0D-85C8-58763FA4DD80}.Debug|x64.ActiveCfg = Debug|Any CPU
		{60317503-1F8F-4C0D-85C8-58763FA4DD80}.Debug|x64.Build.0 = Debug|Any CPU
		{60317503-1F8F-4C0D-85C8-58763FA4DD80}.Debug|x86.ActiveCfg = Debug|Any CPU
		{60317503-1F8F-4C0D-85C8-58763FA4DD80}.Debug|x86.Build.0 = Debug|Any CPU
		{60317503-1F8F-4C0D-85C8-58763FA4DD80}.Release|Any CPU.ActiveCfg = Release|Any CPU
		{60317503-1F8F-4C0D-85C8-58763FA4DD80}.Release|Any CPU.Build.0 = Release|Any CPU
		{60317503-1F8F-4C0D-85C8-58763FA4DD80}.Release|x64.ActiveCfg = Release|Any CPU
		{60317503-1F8F-4C0D-85C8-58763FA4DD80}.Release|x64.Build.0 = Release|Any CPU
		{60317503-1F8F-4C0D-85C8-58763FA4DD80}.Release|x86.ActiveCfg = Release|Any CPU
		{60317503-1F8F-4C0D-85C8-58763FA4DD80}.Release|x86.Build.0 = Release|Any CPU
		{966D291E-95BC-45AB-B118-241D5D451719}.Debug|Any CPU.ActiveCfg = Debug|Any CPU
		{966D291E-95BC-45AB-B118-241D5D451719}.Debug|Any CPU.Build.0 = Debug|Any CPU
		{966D291E-95BC-45AB-B118-241D5D451719}.Debug|x64.ActiveCfg = Debug|Any CPU
		{966D291E-95BC-45AB-B118-241D5D451719}.Debug|x64.Build.0 = Debug|Any CPU
		{966D291E-95BC-45AB-B118-241D5D451719}.Debug|x86.ActiveCfg = Debug|Any CPU
		{966D291E-95BC-45AB-B118-241D5D451719}.Debug|x86.Build.0 = Debug|Any CPU
		{966D291E-95BC-45AB-B118-241D5D451719}.Release|Any CPU.ActiveCfg = Release|Any CPU
		{966D291E-95BC-45AB-B118-241D5D451719}.Release|Any CPU.Build.0 = Release|Any CPU
		{966D291E-95BC-45AB-B118-241D5D451719}.Release|x64.ActiveCfg = Release|Any CPU
		{966D291E-95BC-45AB-B118-241D5D451719}.Release|x64.Build.0 = Release|Any CPU
		{966D291E-95BC-45AB-B118-241D5D451719}.Release|x86.ActiveCfg = Release|Any CPU
		{966D291E-95BC-45AB-B118-241D5D451719}.Release|x86.Build.0 = Release|Any CPU
		{FBF8208A-371C-4CBD-B71C-C752C01CF2F1}.Debug|Any CPU.ActiveCfg = Debug|Any CPU
		{FBF8208A-371C-4CBD-B71C-C752C01CF2F1}.Debug|Any CPU.Build.0 = Debug|Any CPU
		{FBF8208A-371C-4CBD-B71C-C752C01CF2F1}.Debug|x64.ActiveCfg = Debug|Any CPU
		{FBF8208A-371C-4CBD-B71C-C752C01CF2F1}.Debug|x64.Build.0 = Debug|Any CPU
		{FBF8208A-371C-4CBD-B71C-C752C01CF2F1}.Debug|x86.ActiveCfg = Debug|Any CPU
		{FBF8208A-371C-4CBD-B71C-C752C01CF2F1}.Debug|x86.Build.0 = Debug|Any CPU
		{FBF8208A-371C-4CBD-B71C-C752C01CF2F1}.Release|Any CPU.ActiveCfg = Release|Any CPU
		{FBF8208A-371C-4CBD-B71C-C752C01CF2F1}.Release|Any CPU.Build.0 = Release|Any CPU
		{FBF8208A-371C-4CBD-B71C-C752C01CF2F1}.Release|x64.ActiveCfg = Release|Any CPU
		{FBF8208A-371C-4CBD-B71C-C752C01CF2F1}.Release|x64.Build.0 = Release|Any CPU
		{FBF8208A-371C-4CBD-B71C-C752C01CF2F1}.Release|x86.ActiveCfg = Release|Any CPU
		{FBF8208A-371C-4CBD-B71C-C752C01CF2F1}.Release|x86.Build.0 = Release|Any CPU
		{F2CFAD82-8FAD-4C54-853E-668127C79252}.Debug|Any CPU.ActiveCfg = Debug|Any CPU
		{F2CFAD82-8FAD-4C54-853E-668127C79252}.Debug|Any CPU.Build.0 = Debug|Any CPU
		{F2CFAD82-8FAD-4C54-853E-668127C79252}.Debug|x64.ActiveCfg = Debug|Any CPU
		{F2CFAD82-8FAD-4C54-853E-668127C79252}.Debug|x64.Build.0 = Debug|Any CPU
		{F2CFAD82-8FAD-4C54-853E-668127C79252}.Debug|x86.ActiveCfg = Debug|Any CPU
		{F2CFAD82-8FAD-4C54-853E-668127C79252}.Debug|x86.Build.0 = Debug|Any CPU
		{F2CFAD82-8FAD-4C54-853E-668127C79252}.Release|Any CPU.ActiveCfg = Release|Any CPU
		{F2CFAD82-8FAD-4C54-853E-668127C79252}.Release|Any CPU.Build.0 = Release|Any CPU
		{F2CFAD82-8FAD-4C54-853E-668127C79252}.Release|x64.ActiveCfg = Release|Any CPU
		{F2CFAD82-8FAD-4C54-853E-668127C79252}.Release|x64.Build.0 = Release|Any CPU
		{F2CFAD82-8FAD-4C54-853E-668127C79252}.Release|x86.ActiveCfg = Release|Any CPU
		{F2CFAD82-8FAD-4C54-853E-668127C79252}.Release|x86.Build.0 = Release|Any CPU
		{FE874529-527D-4F78-8C5E-E25666F63823}.Debug|Any CPU.ActiveCfg = Debug|Any CPU
		{FE874529-527D-4F78-8C5E-E25666F63823}.Debug|Any CPU.Build.0 = Debug|Any CPU
		{FE874529-527D-4F78-8C5E-E25666F63823}.Debug|x64.ActiveCfg = Debug|Any CPU
		{FE874529-527D-4F78-8C5E-E25666F63823}.Debug|x64.Build.0 = Debug|Any CPU
		{FE874529-527D-4F78-8C5E-E25666F63823}.Debug|x86.ActiveCfg = Debug|Any CPU
		{FE874529-527D-4F78-8C5E-E25666F63823}.Debug|x86.Build.0 = Debug|Any CPU
		{FE874529-527D-4F78-8C5E-E25666F63823}.Release|Any CPU.ActiveCfg = Release|Any CPU
		{FE874529-527D-4F78-8C5E-E25666F63823}.Release|Any CPU.Build.0 = Release|Any CPU
		{FE874529-527D-4F78-8C5E-E25666F63823}.Release|x64.ActiveCfg = Release|Any CPU
		{FE874529-527D-4F78-8C5E-E25666F63823}.Release|x64.Build.0 = Release|Any CPU
		{FE874529-527D-4F78-8C5E-E25666F63823}.Release|x86.ActiveCfg = Release|Any CPU
		{FE874529-527D-4F78-8C5E-E25666F63823}.Release|x86.Build.0 = Release|Any CPU
		{A340DB92-7155-43F0-9131-8C4DDF2AF519}.Debug|Any CPU.ActiveCfg = Debug|Any CPU
		{A340DB92-7155-43F0-9131-8C4DDF2AF519}.Debug|Any CPU.Build.0 = Debug|Any CPU
		{A340DB92-7155-43F0-9131-8C4DDF2AF519}.Debug|x64.ActiveCfg = Debug|Any CPU
		{A340DB92-7155-43F0-9131-8C4DDF2AF519}.Debug|x64.Build.0 = Debug|Any CPU
		{A340DB92-7155-43F0-9131-8C4DDF2AF519}.Debug|x86.ActiveCfg = Debug|Any CPU
		{A340DB92-7155-43F0-9131-8C4DDF2AF519}.Debug|x86.Build.0 = Debug|Any CPU
		{A340DB92-7155-43F0-9131-8C4DDF2AF519}.Release|Any CPU.ActiveCfg = Release|Any CPU
		{A340DB92-7155-43F0-9131-8C4DDF2AF519}.Release|Any CPU.Build.0 = Release|Any CPU
		{A340DB92-7155-43F0-9131-8C4DDF2AF519}.Release|x64.ActiveCfg = Release|Any CPU
		{A340DB92-7155-43F0-9131-8C4DDF2AF519}.Release|x64.Build.0 = Release|Any CPU
		{A340DB92-7155-43F0-9131-8C4DDF2AF519}.Release|x86.ActiveCfg = Release|Any CPU
		{A340DB92-7155-43F0-9131-8C4DDF2AF519}.Release|x86.Build.0 = Release|Any CPU
		{BA3878F7-AB50-4C28-A930-F67786EF7149}.Debug|Any CPU.ActiveCfg = Debug|Any CPU
		{BA3878F7-AB50-4C28-A930-F67786EF7149}.Debug|Any CPU.Build.0 = Debug|Any CPU
		{BA3878F7-AB50-4C28-A930-F67786EF7149}.Debug|x64.ActiveCfg = Debug|Any CPU
		{BA3878F7-AB50-4C28-A930-F67786EF7149}.Debug|x64.Build.0 = Debug|Any CPU
		{BA3878F7-AB50-4C28-A930-F67786EF7149}.Debug|x86.ActiveCfg = Debug|Any CPU
		{BA3878F7-AB50-4C28-A930-F67786EF7149}.Debug|x86.Build.0 = Debug|Any CPU
		{BA3878F7-AB50-4C28-A930-F67786EF7149}.Release|Any CPU.ActiveCfg = Release|Any CPU
		{BA3878F7-AB50-4C28-A930-F67786EF7149}.Release|Any CPU.Build.0 = Release|Any CPU
		{BA3878F7-AB50-4C28-A930-F67786EF7149}.Release|x64.ActiveCfg = Release|Any CPU
		{BA3878F7-AB50-4C28-A930-F67786EF7149}.Release|x64.Build.0 = Release|Any CPU
		{BA3878F7-AB50-4C28-A930-F67786EF7149}.Release|x86.ActiveCfg = Release|Any CPU
		{BA3878F7-AB50-4C28-A930-F67786EF7149}.Release|x86.Build.0 = Release|Any CPU
		{93957BEE-1549-408B-8381-04F0AFD4BE39}.Debug|Any CPU.ActiveCfg = Debug|Any CPU
		{93957BEE-1549-408B-8381-04F0AFD4BE39}.Debug|Any CPU.Build.0 = Debug|Any CPU
		{93957BEE-1549-408B-8381-04F0AFD4BE39}.Debug|x64.ActiveCfg = Debug|Any CPU
		{93957BEE-1549-408B-8381-04F0AFD4BE39}.Debug|x64.Build.0 = Debug|Any CPU
		{93957BEE-1549-408B-8381-04F0AFD4BE39}.Debug|x86.ActiveCfg = Debug|Any CPU
		{93957BEE-1549-408B-8381-04F0AFD4BE39}.Debug|x86.Build.0 = Debug|Any CPU
		{93957BEE-1549-408B-8381-04F0AFD4BE39}.Release|Any CPU.ActiveCfg = Release|Any CPU
		{93957BEE-1549-408B-8381-04F0AFD4BE39}.Release|Any CPU.Build.0 = Release|Any CPU
		{93957BEE-1549-408B-8381-04F0AFD4BE39}.Release|x64.ActiveCfg = Release|Any CPU
		{93957BEE-1549-408B-8381-04F0AFD4BE39}.Release|x64.Build.0 = Release|Any CPU
		{93957BEE-1549-408B-8381-04F0AFD4BE39}.Release|x86.ActiveCfg = Release|Any CPU
		{93957BEE-1549-408B-8381-04F0AFD4BE39}.Release|x86.Build.0 = Release|Any CPU
		{F667F0EA-EED3-4436-AD33-0063C13B6B30}.Debug|Any CPU.ActiveCfg = Debug|Any CPU
		{F667F0EA-EED3-4436-AD33-0063C13B6B30}.Debug|Any CPU.Build.0 = Debug|Any CPU
		{F667F0EA-EED3-4436-AD33-0063C13B6B30}.Debug|x64.ActiveCfg = Debug|Any CPU
		{F667F0EA-EED3-4436-AD33-0063C13B6B30}.Debug|x64.Build.0 = Debug|Any CPU
		{F667F0EA-EED3-4436-AD33-0063C13B6B30}.Debug|x86.ActiveCfg = Debug|Any CPU
		{F667F0EA-EED3-4436-AD33-0063C13B6B30}.Debug|x86.Build.0 = Debug|Any CPU
		{F667F0EA-EED3-4436-AD33-0063C13B6B30}.Release|Any CPU.ActiveCfg = Release|Any CPU
		{F667F0EA-EED3-4436-AD33-0063C13B6B30}.Release|Any CPU.Build.0 = Release|Any CPU
		{F667F0EA-EED3-4436-AD33-0063C13B6B30}.Release|x64.ActiveCfg = Release|Any CPU
		{F667F0EA-EED3-4436-AD33-0063C13B6B30}.Release|x64.Build.0 = Release|Any CPU
		{F667F0EA-EED3-4436-AD33-0063C13B6B30}.Release|x86.ActiveCfg = Release|Any CPU
		{F667F0EA-EED3-4436-AD33-0063C13B6B30}.Release|x86.Build.0 = Release|Any CPU
		{680F8768-30D8-4645-8558-B8B60E9C47CF}.Debug|Any CPU.ActiveCfg = Debug|Any CPU
		{680F8768-30D8-4645-8558-B8B60E9C47CF}.Debug|Any CPU.Build.0 = Debug|Any CPU
		{680F8768-30D8-4645-8558-B8B60E9C47CF}.Debug|x64.ActiveCfg = Debug|Any CPU
		{680F8768-30D8-4645-8558-B8B60E9C47CF}.Debug|x64.Build.0 = Debug|Any CPU
		{680F8768-30D8-4645-8558-B8B60E9C47CF}.Debug|x86.ActiveCfg = Debug|Any CPU
		{680F8768-30D8-4645-8558-B8B60E9C47CF}.Debug|x86.Build.0 = Debug|Any CPU
		{680F8768-30D8-4645-8558-B8B60E9C47CF}.Release|Any CPU.ActiveCfg = Release|Any CPU
		{680F8768-30D8-4645-8558-B8B60E9C47CF}.Release|Any CPU.Build.0 = Release|Any CPU
		{680F8768-30D8-4645-8558-B8B60E9C47CF}.Release|x64.ActiveCfg = Release|Any CPU
		{680F8768-30D8-4645-8558-B8B60E9C47CF}.Release|x64.Build.0 = Release|Any CPU
		{680F8768-30D8-4645-8558-B8B60E9C47CF}.Release|x86.ActiveCfg = Release|Any CPU
		{680F8768-30D8-4645-8558-B8B60E9C47CF}.Release|x86.Build.0 = Release|Any CPU
		{BE321179-987F-48D1-BD72-EE00D45B1EBE}.Debug|Any CPU.ActiveCfg = Debug|Any CPU
		{BE321179-987F-48D1-BD72-EE00D45B1EBE}.Debug|Any CPU.Build.0 = Debug|Any CPU
		{BE321179-987F-48D1-BD72-EE00D45B1EBE}.Debug|x64.ActiveCfg = Debug|Any CPU
		{BE321179-987F-48D1-BD72-EE00D45B1EBE}.Debug|x64.Build.0 = Debug|Any CPU
		{BE321179-987F-48D1-BD72-EE00D45B1EBE}.Debug|x86.ActiveCfg = Debug|Any CPU
		{BE321179-987F-48D1-BD72-EE00D45B1EBE}.Debug|x86.Build.0 = Debug|Any CPU
		{BE321179-987F-48D1-BD72-EE00D45B1EBE}.Release|Any CPU.ActiveCfg = Release|Any CPU
		{BE321179-987F-48D1-BD72-EE00D45B1EBE}.Release|Any CPU.Build.0 = Release|Any CPU
		{BE321179-987F-48D1-BD72-EE00D45B1EBE}.Release|x64.ActiveCfg = Release|Any CPU
		{BE321179-987F-48D1-BD72-EE00D45B1EBE}.Release|x64.Build.0 = Release|Any CPU
		{BE321179-987F-48D1-BD72-EE00D45B1EBE}.Release|x86.ActiveCfg = Release|Any CPU
		{BE321179-987F-48D1-BD72-EE00D45B1EBE}.Release|x86.Build.0 = Release|Any CPU
		{248E9253-F4D6-4666-ADB0-044A6ABE1E99}.Debug|Any CPU.ActiveCfg = Debug|Any CPU
		{248E9253-F4D6-4666-ADB0-044A6ABE1E99}.Debug|Any CPU.Build.0 = Debug|Any CPU
		{248E9253-F4D6-4666-ADB0-044A6ABE1E99}.Debug|x64.ActiveCfg = Debug|Any CPU
		{248E9253-F4D6-4666-ADB0-044A6ABE1E99}.Debug|x64.Build.0 = Debug|Any CPU
		{248E9253-F4D6-4666-ADB0-044A6ABE1E99}.Debug|x86.ActiveCfg = Debug|Any CPU
		{248E9253-F4D6-4666-ADB0-044A6ABE1E99}.Debug|x86.Build.0 = Debug|Any CPU
		{248E9253-F4D6-4666-ADB0-044A6ABE1E99}.Release|Any CPU.ActiveCfg = Release|Any CPU
		{248E9253-F4D6-4666-ADB0-044A6ABE1E99}.Release|Any CPU.Build.0 = Release|Any CPU
		{248E9253-F4D6-4666-ADB0-044A6ABE1E99}.Release|x64.ActiveCfg = Release|Any CPU
		{248E9253-F4D6-4666-ADB0-044A6ABE1E99}.Release|x64.Build.0 = Release|Any CPU
		{248E9253-F4D6-4666-ADB0-044A6ABE1E99}.Release|x86.ActiveCfg = Release|Any CPU
		{248E9253-F4D6-4666-ADB0-044A6ABE1E99}.Release|x86.Build.0 = Release|Any CPU
		{56E14915-EF8D-40D7-8722-0096A55DB25B}.Debug|Any CPU.ActiveCfg = Debug|Any CPU
		{56E14915-EF8D-40D7-8722-0096A55DB25B}.Debug|Any CPU.Build.0 = Debug|Any CPU
		{56E14915-EF8D-40D7-8722-0096A55DB25B}.Debug|x64.ActiveCfg = Debug|Any CPU
		{56E14915-EF8D-40D7-8722-0096A55DB25B}.Debug|x64.Build.0 = Debug|Any CPU
		{56E14915-EF8D-40D7-8722-0096A55DB25B}.Debug|x86.ActiveCfg = Debug|Any CPU
		{56E14915-EF8D-40D7-8722-0096A55DB25B}.Debug|x86.Build.0 = Debug|Any CPU
		{56E14915-EF8D-40D7-8722-0096A55DB25B}.Release|Any CPU.ActiveCfg = Release|Any CPU
		{56E14915-EF8D-40D7-8722-0096A55DB25B}.Release|Any CPU.Build.0 = Release|Any CPU
		{56E14915-EF8D-40D7-8722-0096A55DB25B}.Release|x64.ActiveCfg = Release|Any CPU
		{56E14915-EF8D-40D7-8722-0096A55DB25B}.Release|x64.Build.0 = Release|Any CPU
		{56E14915-EF8D-40D7-8722-0096A55DB25B}.Release|x86.ActiveCfg = Release|Any CPU
		{56E14915-EF8D-40D7-8722-0096A55DB25B}.Release|x86.Build.0 = Release|Any CPU
		{09DC770F-A8A3-44BD-A674-7BD766E2FE7F}.Debug|Any CPU.ActiveCfg = Debug|Any CPU
		{09DC770F-A8A3-44BD-A674-7BD766E2FE7F}.Debug|Any CPU.Build.0 = Debug|Any CPU
		{09DC770F-A8A3-44BD-A674-7BD766E2FE7F}.Debug|x64.ActiveCfg = Debug|Any CPU
		{09DC770F-A8A3-44BD-A674-7BD766E2FE7F}.Debug|x64.Build.0 = Debug|Any CPU
		{09DC770F-A8A3-44BD-A674-7BD766E2FE7F}.Debug|x86.ActiveCfg = Debug|Any CPU
		{09DC770F-A8A3-44BD-A674-7BD766E2FE7F}.Debug|x86.Build.0 = Debug|Any CPU
		{09DC770F-A8A3-44BD-A674-7BD766E2FE7F}.Release|Any CPU.ActiveCfg = Release|Any CPU
		{09DC770F-A8A3-44BD-A674-7BD766E2FE7F}.Release|Any CPU.Build.0 = Release|Any CPU
		{09DC770F-A8A3-44BD-A674-7BD766E2FE7F}.Release|x64.ActiveCfg = Release|Any CPU
		{09DC770F-A8A3-44BD-A674-7BD766E2FE7F}.Release|x64.Build.0 = Release|Any CPU
		{09DC770F-A8A3-44BD-A674-7BD766E2FE7F}.Release|x86.ActiveCfg = Release|Any CPU
		{09DC770F-A8A3-44BD-A674-7BD766E2FE7F}.Release|x86.Build.0 = Release|Any CPU
		{67AA2728-519B-4326-BDE7-1C3A857C6A32}.Debug|Any CPU.ActiveCfg = Debug|Any CPU
		{67AA2728-519B-4326-BDE7-1C3A857C6A32}.Debug|Any CPU.Build.0 = Debug|Any CPU
		{67AA2728-519B-4326-BDE7-1C3A857C6A32}.Debug|x64.ActiveCfg = Debug|Any CPU
		{67AA2728-519B-4326-BDE7-1C3A857C6A32}.Debug|x64.Build.0 = Debug|Any CPU
		{67AA2728-519B-4326-BDE7-1C3A857C6A32}.Debug|x86.ActiveCfg = Debug|Any CPU
		{67AA2728-519B-4326-BDE7-1C3A857C6A32}.Debug|x86.Build.0 = Debug|Any CPU
		{67AA2728-519B-4326-BDE7-1C3A857C6A32}.Release|Any CPU.ActiveCfg = Release|Any CPU
		{67AA2728-519B-4326-BDE7-1C3A857C6A32}.Release|Any CPU.Build.0 = Release|Any CPU
		{67AA2728-519B-4326-BDE7-1C3A857C6A32}.Release|x64.ActiveCfg = Release|Any CPU
		{67AA2728-519B-4326-BDE7-1C3A857C6A32}.Release|x64.Build.0 = Release|Any CPU
		{67AA2728-519B-4326-BDE7-1C3A857C6A32}.Release|x86.ActiveCfg = Release|Any CPU
		{67AA2728-519B-4326-BDE7-1C3A857C6A32}.Release|x86.Build.0 = Release|Any CPU
	EndGlobalSection
	GlobalSection(SolutionProperties) = preSolution
		HideSolutionNode = FALSE
	EndGlobalSection
	GlobalSection(NestedProjects) = preSolution
		{DFCD4ABD-1846-4083-89B8-08353EB32960} = {827E0CD3-B72D-47B6-A68D-7590B98EB39B}
		{60317503-1F8F-4C0D-85C8-58763FA4DD80} = {827E0CD3-B72D-47B6-A68D-7590B98EB39B}
		{966D291E-95BC-45AB-B118-241D5D451719} = {0AB3BF05-4346-4AA6-1389-037BE0695223}
		{FBF8208A-371C-4CBD-B71C-C752C01CF2F1} = {0AB3BF05-4346-4AA6-1389-037BE0695223}
		{F2CFAD82-8FAD-4C54-853E-668127C79252} = {827E0CD3-B72D-47B6-A68D-7590B98EB39B}
		{FE874529-527D-4F78-8C5E-E25666F63823} = {827E0CD3-B72D-47B6-A68D-7590B98EB39B}
		{A340DB92-7155-43F0-9131-8C4DDF2AF519} = {827E0CD3-B72D-47B6-A68D-7590B98EB39B}
		{BA3878F7-AB50-4C28-A930-F67786EF7149} = {827E0CD3-B72D-47B6-A68D-7590B98EB39B}
		{93957BEE-1549-408B-8381-04F0AFD4BE39} = {827E0CD3-B72D-47B6-A68D-7590B98EB39B}
		{F667F0EA-EED3-4436-AD33-0063C13B6B30} = {827E0CD3-B72D-47B6-A68D-7590B98EB39B}
		{680F8768-30D8-4645-8558-B8B60E9C47CF} = {827E0CD3-B72D-47B6-A68D-7590B98EB39B}
		{BE321179-987F-48D1-BD72-EE00D45B1EBE} = {827E0CD3-B72D-47B6-A68D-7590B98EB39B}
		{248E9253-F4D6-4666-ADB0-044A6ABE1E99} = {827E0CD3-B72D-47B6-A68D-7590B98EB39B}
		{56E14915-EF8D-40D7-8722-0096A55DB25B} = {827E0CD3-B72D-47B6-A68D-7590B98EB39B}
		{09DC770F-A8A3-44BD-A674-7BD766E2FE7F} = {0AB3BF05-4346-4AA6-1389-037BE0695223}
		{67AA2728-519B-4326-BDE7-1C3A857C6A32} = {827E0CD3-B72D-47B6-A68D-7590B98EB39B}
	EndGlobalSection
EndGlobal
